# THIS IS AN AUTOGENERATED FILE. DO NOT EDIT THIS FILE DIRECTLY.
# yarn lockfile v1


"@types/bull@^3.10.0":
  version "3.10.0"
  resolved "https://registry.yarnpkg.com/@types/bull/-/bull-3.10.0.tgz#566eab5a1d8051d1a59395c353e91634397b6068"
  integrity sha512-3qR0XMBtnbIVwZP/QtSUFYkD1R6mC3hX4uQi5ZUG0UF6fWsUAQJkUOyNSCWYIaoBDnEMuCaxelJKewt2vdYUAg==
  dependencies:
    "@types/ioredis" "*"

"@types/debug@^4.1.4":
  version "4.1.4"
  resolved "https://registry.yarnpkg.com/@types/debug/-/debug-4.1.4.tgz#56eec47706f0fd0b7c694eae2f3172e6b0b769da"
  integrity sha512-D9MyoQFI7iP5VdpEyPZyjjqIJ8Y8EDNQFIFVLOmeg1rI1xiHOChyUPMPRUVfqFCerxfE+yS3vMyj37F6IdtOoQ==

"@types/ioredis@*":
  version "4.0.13"
  resolved "https://registry.yarnpkg.com/@types/ioredis/-/ioredis-4.0.13.tgz#2286577c310c13bb9865e182f62b1dbffd6a6564"
  integrity sha512-3GKQUu5DPIlERomUfhxeLZHbwY3KOANSuCu7iEcFEuCh7pzO5gnLjU4BoBJvy+uQ3TkduU8DLzJIB2iS4d4IAw==
  dependencies:
    "@types/node" "*"

"@types/node-fetch@^2.3.7":
  version "2.3.7"
  resolved "https://registry.yarnpkg.com/@types/node-fetch/-/node-fetch-2.3.7.tgz#b7212e895100f8642dbdab698472bab5f3c1d2f1"
  integrity sha512-+bKtuxhj/TYSSP1r4CZhfmyA0vm/aDRQNo7vbAgf6/cZajn0SAniGGST07yvI4Q+q169WTa2/x9gEHfJrkcALw==
  dependencies:
    "@types/node" "*"

"@types/node@*":
  version "12.6.8"
  resolved "https://registry.yarnpkg.com/@types/node/-/node-12.6.8.tgz#e469b4bf9d1c9832aee4907ba8a051494357c12c"
  integrity sha512-aX+gFgA5GHcDi89KG5keey2zf0WfZk/HAQotEamsK2kbey+8yGKcson0hbK8E+v0NArlCJQCqMP161YhV6ZXLg==

arg@^4.1.0:
  version "4.1.1"
  resolved "https://registry.yarnpkg.com/arg/-/arg-4.1.1.tgz#485f8e7c390ce4c5f78257dbea80d4be11feda4c"
  integrity sha512-SlmP3fEA88MBv0PypnXZ8ZfJhwmDeIE3SP71j37AiXQBXYosPV0x6uISAaHYSlSVhmHOVkomen0tbGk6Anlebw==

buffer-from@^1.0.0:
  version "1.1.1"
  resolved "https://registry.yarnpkg.com/buffer-from/-/buffer-from-1.1.1.tgz#32713bc028f75c02fdb710d7c7bcec1f2c6070ef"
  integrity sha512-MQcXEUbCKtEo7bhqEs6560Hyd4XaovZlO/k9V3hjVUF/zwW7KBVdSK4gIt/bzwS9MbR5qob+F5jusZsb0YQK2A==

bull@^3.10.0:
  version "3.10.0"
  resolved "https://registry.yarnpkg.com/bull/-/bull-3.10.0.tgz#5879b1201d0ed0c987fa1f42114d3dc5abf3da68"
  integrity sha512-LbQsc7c+eYd7IaJD7tS373yKLYttjTfoPZ+9xYYlPM5+gutAjofSTsESOGGyaxyX2lE1dkg+eWhUK5kAPl5Zow==
  dependencies:
    cron-parser "^2.7.3"
    debuglog "^1.0.0"
    get-port "^5.0.0"
    ioredis "^4.5.1"
    lodash "^4.17.11"
    p-timeout "^3.1.0"
    promise.prototype.finally "^3.1.0"
    semver "^6.1.1"
    util.promisify "^1.0.0"
    uuid "^3.2.1"

cluster-key-slot@^1.0.6:
  version "1.0.12"
  resolved "https://registry.yarnpkg.com/cluster-key-slot/-/cluster-key-slot-1.0.12.tgz#d5deff2a520717bc98313979b687309b2d368e29"
  integrity sha512-21O0kGmvED5OJ7ZTdqQ5lQQ+sjuez33R+d35jZKLwqUb5mqcPHUsxOSzj61+LHVtxGZd1kShbQM3MjB/gBJkVg==

cron-parser@^2.7.3:
  version "2.12.0"
  resolved "https://registry.yarnpkg.com/cron-parser/-/cron-parser-2.12.0.tgz#05ae8c008025cecdd8778746626a183249ca300b"
  integrity sha512-1GU6CQJ6gT9XDEGeTuzfhZgFMf82BSs3ihFA3i2wr4qGKJLhO1kOvaIF9biIo39CaPgzZ17U8FgYxRv/+UR50A==
  dependencies:
    is-nan "^1.2.1"
    moment-timezone "^0.5.25"

debug@^4.1.1:
  version "4.1.1"
  resolved "https://registry.yarnpkg.com/debug/-/debug-4.1.1.tgz#3b72260255109c6b589cee050f1d516139664791"
  integrity sha512-pYAIzeRo8J6KPEaJ0VWOh5Pzkbw/RetuzehGM7QRRX5he4fPHx2rdKMB256ehJCkX+XRQm16eZLqLNS8RSZXZw==
  dependencies:
    ms "^2.1.1"

debuglog@^1.0.0:
  version "1.0.1"
  resolved "https://registry.yarnpkg.com/debuglog/-/debuglog-1.0.1.tgz#aa24ffb9ac3df9a2351837cfb2d279360cd78492"
  integrity sha1-qiT/uaw9+aI1GDfPstJ5NgzXhJI=

define-properties@^1.1.1, define-properties@^1.1.2:
  version "1.1.3"
  resolved "https://registry.yarnpkg.com/define-properties/-/define-properties-1.1.3.tgz#cf88da6cbee26fe6db7094f61d870cbd84cee9f1"
  integrity sha512-3MqfYKj2lLzdMSf8ZIZE/V+Zuy+BgD6f164e8K2w7dgnpKArBDerGYpM46IYYcjnkdPNMjPk9A6VFB8+3SKlXQ==
  dependencies:
    object-keys "^1.0.12"

denque@^1.1.0:
  version "1.4.1"
  resolved "https://registry.yarnpkg.com/denque/-/denque-1.4.1.tgz#6744ff7641c148c3f8a69c307e51235c1f4a37cf"
  integrity sha512-OfzPuSZKGcgr96rf1oODnfjqBFmr1DVoc/TrItj3Ohe0Ah1C5WX5Baquw/9U9KovnQ88EqmJbD66rKYUQYN1tQ==

diff@^4.0.1:
  version "4.0.1"
  resolved "https://registry.yarnpkg.com/diff/-/diff-4.0.1.tgz#0c667cb467ebbb5cea7f14f135cc2dba7780a8ff"
  integrity sha512-s2+XdvhPCOF01LRQBC8hf4vhbVmI2CGS5aZnxLJlT5FtdhPCDFq80q++zK2KlrVorVDdL5BOGZ/VfLrVtYNF+Q==

es-abstract@^1.5.1, es-abstract@^1.9.0:
  version "1.13.0"
  resolved "https://registry.yarnpkg.com/es-abstract/-/es-abstract-1.13.0.tgz#ac86145fdd5099d8dd49558ccba2eaf9b88e24e9"
  integrity sha512-vDZfg/ykNxQVwup/8E1BZhVzFfBxs9NqMzGcvIJrqg5k2/5Za2bWo40dK2J1pgLngZ7c+Shh8lwYtLGyrwPutg==
  dependencies:
    es-to-primitive "^1.2.0"
    function-bind "^1.1.1"
    has "^1.0.3"
    is-callable "^1.1.4"
    is-regex "^1.0.4"
    object-keys "^1.0.12"

es-to-primitive@^1.2.0:
  version "1.2.0"
  resolved "https://registry.yarnpkg.com/es-to-primitive/-/es-to-primitive-1.2.0.tgz#edf72478033456e8dda8ef09e00ad9650707f377"
  integrity sha512-qZryBOJjV//LaxLTV6UC//WewneB3LcXOL9NP++ozKVXsIIIpm/2c13UDiD9Jp2eThsecw9m3jPqDwTyobcdbg==
  dependencies:
    is-callable "^1.1.4"
    is-date-object "^1.0.1"
    is-symbol "^1.0.2"

function-bind@^1.1.1:
  version "1.1.1"
  resolved "https://registry.yarnpkg.com/function-bind/-/function-bind-1.1.1.tgz#a56899d3ea3c9bab874bb9773b7c5ede92f4895d"
  integrity sha512-yIovAzMX49sF8Yl58fSCWJ5svSLuaibPxXQJFLmBObTuCr0Mf1KiPopGM9NiFjiYBCbfaa2Fh6breQ6ANVTI0A==

get-port@^5.0.0:
  version "5.0.0"
  resolved "https://registry.yarnpkg.com/get-port/-/get-port-5.0.0.tgz#aa22b6b86fd926dd7884de3e23332c9f70c031a6"
  integrity sha512-imzMU0FjsZqNa6BqOjbbW6w5BivHIuQKopjpPqcnx0AVHJQKCxK1O+Ab3OrVXhrekqfVMjwA9ZYu062R+KcIsQ==
  dependencies:
    type-fest "^0.3.0"

has-symbols@^1.0.0:
  version "1.0.0"
  resolved "https://registry.yarnpkg.com/has-symbols/-/has-symbols-1.0.0.tgz#ba1a8f1af2a0fc39650f5c850367704122063b44"
  integrity sha1-uhqPGvKg/DllD1yFA2dwQSIGO0Q=

has@^1.0.1, has@^1.0.3:
  version "1.0.3"
  resolved "https://registry.yarnpkg.com/has/-/has-1.0.3.tgz#722d7cbfc1f6aa8241f16dd814e011e1f41e8796"
  integrity sha512-f2dvO0VU6Oej7RkWJGrehjbzMAjFp5/VKPp5tTpWIV4JHHZK1/BxbFRtf/siA2SWTe09caDmVtYYzWEIbBS4zw==
  dependencies:
    function-bind "^1.1.1"

ioredis@^4.5.1:
  version "4.11.2"
  resolved "https://registry.yarnpkg.com/ioredis/-/ioredis-4.11.2.tgz#b76c1a8290f581ce30af3fd00f27d38a301472c6"
  integrity sha512-2lQM1jpTzoTPg9Lj+ayfcIn8rdvGwgNP/nzeJ7IW4va/ExqxttRnTlUaxa8jOsj/e4NYKtVkbuhEAvOVPwjztA==
  dependencies:
    cluster-key-slot "^1.0.6"
    debug "^4.1.1"
    denque "^1.1.0"
    lodash.defaults "^4.2.0"
    lodash.flatten "^4.4.0"
    redis-commands "1.5.0"
    redis-errors "^1.2.0"
    redis-parser "^3.0.0"
    standard-as-callback "^2.0.1"

is-callable@^1.1.4:
  version "1.1.4"
  resolved "https://registry.yarnpkg.com/is-callable/-/is-callable-1.1.4.tgz#1e1adf219e1eeb684d691f9d6a05ff0d30a24d75"
  integrity sha512-r5p9sxJjYnArLjObpjA4xu5EKI3CuKHkJXMhT7kwbpUyIFD1n5PMAsoPvWnvtZiNz7LjkYDRZhd7FlI0eMijEA==

is-date-object@^1.0.1:
  version "1.0.1"
  resolved "https://registry.yarnpkg.com/is-date-object/-/is-date-object-1.0.1.tgz#9aa20eb6aeebbff77fbd33e74ca01b33581d3a16"
  integrity sha1-mqIOtq7rv/d/vTPnTKAbM1gdOhY=

is-nan@^1.2.1:
  version "1.2.1"
  resolved "https://registry.yarnpkg.com/is-nan/-/is-nan-1.2.1.tgz#9faf65b6fb6db24b7f5c0628475ea71f988401e2"
  integrity sha1-n69ltvttskt/XAYoR16nH5iEAeI=
  dependencies:
    define-properties "^1.1.1"

is-regex@^1.0.4:
  version "1.0.4"
  resolved "https://registry.yarnpkg.com/is-regex/-/is-regex-1.0.4.tgz#5517489b547091b0930e095654ced25ee97e9491"
  integrity sha1-VRdIm1RwkbCTDglWVM7SXul+lJE=
  dependencies:
    has "^1.0.1"

is-symbol@^1.0.2:
  version "1.0.2"
  resolved "https://registry.yarnpkg.com/is-symbol/-/is-symbol-1.0.2.tgz#a055f6ae57192caee329e7a860118b497a950f38"
  integrity sha512-HS8bZ9ox60yCJLH9snBpIwv9pYUAkcuLhSA1oero1UB5y9aiQpRA8y2ex945AOtCZL1lJDeIk3G5LthswI46Lw==
  dependencies:
    has-symbols "^1.0.0"

lodash.defaults@^4.2.0:
  version "4.2.0"
  resolved "https://registry.yarnpkg.com/lodash.defaults/-/lodash.defaults-4.2.0.tgz#d09178716ffea4dde9e5fb7b37f6f0802274580c"
  integrity sha1-0JF4cW/+pN3p5ft7N/bwgCJ0WAw=

lodash.flatten@^4.4.0:
  version "4.4.0"
  resolved "https://registry.yarnpkg.com/lodash.flatten/-/lodash.flatten-4.4.0.tgz#f31c22225a9632d2bbf8e4addbef240aa765a61f"
  integrity sha1-8xwiIlqWMtK7+OSt2+8kCqdlph8=

lodash@^4.17.11:
  version "4.17.14"
  resolved "https://registry.yarnpkg.com/lodash/-/lodash-4.17.14.tgz#9ce487ae66c96254fe20b599f21b6816028078ba"
  integrity sha512-mmKYbW3GLuJeX+iGP+Y7Gp1AiGHGbXHCOh/jZmrawMmsE7MS4znI3RL2FsjbqOyMayHInjOeykW7PEajUk1/xw==

make-error@^1.1.1:
  version "1.3.5"
  resolved "https://registry.yarnpkg.com/make-error/-/make-error-1.3.5.tgz#efe4e81f6db28cadd605c70f29c831b58ef776c8"
  integrity sha512-c3sIjNUow0+8swNwVpqoH4YCShKNFkMaw6oH1mNS2haDZQqkeZFlHS3dhoeEbKKmJB4vXpJucU6oH75aDYeE9g==

moment-timezone@^0.5.25:
  version "0.5.26"
  resolved "https://registry.yarnpkg.com/moment-timezone/-/moment-timezone-0.5.26.tgz#c0267ca09ae84631aa3dc33f65bedbe6e8e0d772"
  integrity sha512-sFP4cgEKTCymBBKgoxZjYzlSovC20Y6J7y3nanDc5RoBIXKlZhoYwBoZGe3flwU6A372AcRwScH8KiwV6zjy1g==
  dependencies:
    moment ">= 2.9.0"

"moment@>= 2.9.0":
  version "2.24.0"
  resolved "https://registry.yarnpkg.com/moment/-/moment-2.24.0.tgz#0d055d53f5052aa653c9f6eb68bb5d12bf5c2b5b"
  integrity sha512-bV7f+6l2QigeBBZSM/6yTNq4P2fNpSWj/0e7jQcy87A8e7o2nAfP/34/2ky5Vw4B9S446EtIhodAzkFCcR4dQg==

ms@^2.1.1:
  version "2.1.2"
  resolved "https://registry.yarnpkg.com/ms/-/ms-2.1.2.tgz#d09d1f357b443f493382a8eb3ccd183872ae6009"
  integrity sha512-sGkPx+VjMtmA6MX27oA4FBFELFCZZ4S4XqeGOXCv68tT+jb3vk/RyaKWP0PTKyWtmLSM0b+adUTEvbs1PEaH2w==

node-fetch@^2.6.0:
  version "2.6.0"
  resolved "https://registry.yarnpkg.com/node-fetch/-/node-fetch-2.6.0.tgz#e633456386d4aa55863f676a7ab0daa8fdecb0fd"
  integrity sha512-8dG4H5ujfvFiqDmVu9fQ5bOHUC15JMjMY/Zumv26oOvvVJjM67KF8koCWIabKQ1GJIa9r2mMZscBq/TbdOcmNA==

object-keys@^1.0.12:
  version "1.1.1"
  resolved "https://registry.yarnpkg.com/object-keys/-/object-keys-1.1.1.tgz#1c47f272df277f3b1daf061677d9c82e2322c60e"
  integrity sha512-NuAESUOUMrlIXOfHKzD6bpPu3tYt3xvjNdRIQ+FeT0lNb4K8WR70CaDxhuNguS2XG+GjkyMwOzsN5ZktImfhLA==

object.getownpropertydescriptors@^2.0.3:
  version "2.0.3"
  resolved "https://registry.yarnpkg.com/object.getownpropertydescriptors/-/object.getownpropertydescriptors-2.0.3.tgz#8758c846f5b407adab0f236e0986f14b051caa16"
  integrity sha1-h1jIRvW0B62rDyNuCYbxSwUcqhY=
  dependencies:
    define-properties "^1.1.2"
    es-abstract "^1.5.1"

p-finally@^1.0.0:
  version "1.0.0"
  resolved "https://registry.yarnpkg.com/p-finally/-/p-finally-1.0.0.tgz#3fbcfb15b899a44123b34b6dcc18b724336a2cae"
  integrity sha1-P7z7FbiZpEEjs0ttzBi3JDNqLK4=

p-timeout@^3.1.0:
  version "3.1.0"
  resolved "https://registry.yarnpkg.com/p-timeout/-/p-timeout-3.1.0.tgz#198c1f503bb973e9b9727177a276c80afd6851f3"
  integrity sha512-C27DYI+tCroT8J8cTEyySGydl2B7FlxrGNF5/wmMbl1V+jeehUCzEE/BVgzRebdm2K3ZitKOKx8YbdFumDyYmw==
  dependencies:
    p-finally "^1.0.0"

promise.prototype.finally@^3.1.0:
  version "3.1.0"
  resolved "https://registry.yarnpkg.com/promise.prototype.finally/-/promise.prototype.finally-3.1.0.tgz#66f161b1643636e50e7cf201dc1b84a857f3864e"
  integrity sha512-7p/K2f6dI+dM8yjRQEGrTQs5hTQixUAdOGpMEA3+pVxpX5oHKRSKAXyLw9Q9HUWDTdwtoo39dSHGQtN90HcEwQ==
  dependencies:
    define-properties "^1.1.2"
    es-abstract "^1.9.0"
    function-bind "^1.1.1"

redis-commands@1.5.0:
  version "1.5.0"
  resolved "https://registry.yarnpkg.com/redis-commands/-/redis-commands-1.5.0.tgz#80d2e20698fe688f227127ff9e5164a7dd17e785"
  integrity sha512-6KxamqpZ468MeQC3bkWmCB1fp56XL64D4Kf0zJSwDZbVLLm7KFkoIcHrgRvQ+sk8dnhySs7+yBg94yIkAK7aJg==

redis-errors@^1.0.0, redis-errors@^1.2.0:
  version "1.2.0"
  resolved "https://registry.yarnpkg.com/redis-errors/-/redis-errors-1.2.0.tgz#eb62d2adb15e4eaf4610c04afe1529384250abad"
  integrity sha1-62LSrbFeTq9GEMBK/hUpOEJQq60=

redis-parser@^3.0.0:
  version "3.0.0"
  resolved "https://registry.yarnpkg.com/redis-parser/-/redis-parser-3.0.0.tgz#b66d828cdcafe6b4b8a428a7def4c6bcac31c8b4"
  integrity sha1-tm2CjNyv5rS4pCin3vTGvKwxyLQ=
  dependencies:
    redis-errors "^1.0.0"

semver@^6.1.1:
  version "6.2.0"
  resolved "https://registry.yarnpkg.com/semver/-/semver-6.2.0.tgz#4d813d9590aaf8a9192693d6c85b9344de5901db"
  integrity sha512-jdFC1VdUGT/2Scgbimf7FSx9iJLXoqfglSF+gJeuNWVpiE37OIbc1jywR/GJyFdz3mnkz2/id0L0J/cr0izR5A==

source-map-support@^0.5.6:
  version "0.5.12"
  resolved "https://registry.yarnpkg.com/source-map-support/-/source-map-support-0.5.12.tgz#b4f3b10d51857a5af0138d3ce8003b201613d599"
  integrity sha512-4h2Pbvyy15EE02G+JOZpUCmqWJuqrs+sEkzewTm++BPi7Hvn/HwcqLAcNxYAyI0x13CpPPn+kMjl+hplXMHITQ==
  dependencies:
    buffer-from "^1.0.0"
    source-map "^0.6.0"

source-map@^0.6.0:
  version "0.6.1"
  resolved "https://registry.yarnpkg.com/source-map/-/source-map-0.6.1.tgz#74722af32e9614e9c287a8d0bbde48b5e2f1a263"
  integrity sha512-UjgapumWlbMhkBgzT7Ykc5YXUT46F0iKu8SGXq0bcwP5dz/h0Plj6enJqjz1Zbq2l5WaqYnrVbwWOWMyF3F47g==

standard-as-callback@^2.0.1:
  version "2.0.1"
  resolved "https://registry.yarnpkg.com/standard-as-callback/-/standard-as-callback-2.0.1.tgz#ed8bb25648e15831759b6023bdb87e6b60b38126"
  integrity sha512-NQOxSeB8gOI5WjSaxjBgog2QFw55FV8TkS6Y07BiB3VJ8xNTvUYm0wl0s8ObgQ5NhdpnNfigMIKjgPESzgr4tg==

ts-node@^8.3.0:
  version "8.3.0"
  resolved "https://registry.yarnpkg.com/ts-node/-/ts-node-8.3.0.tgz#e4059618411371924a1fb5f3b125915f324efb57"
  integrity sha512-dyNS/RqyVTDcmNM4NIBAeDMpsAdaQ+ojdf0GOLqE6nwJOgzEkdRNzJywhDfwnuvB10oa6NLVG1rUJQCpRN7qoQ==
  dependencies:
    arg "^4.1.0"
    diff "^4.0.1"
    make-error "^1.1.1"
    source-map-support "^0.5.6"
    yn "^3.0.0"

type-fest@^0.3.0:
  version "0.3.1"
  resolved "https://registry.yarnpkg.com/type-fest/-/type-fest-0.3.1.tgz#63d00d204e059474fe5e1b7c011112bbd1dc29e1"
  integrity sha512-cUGJnCdr4STbePCgqNFbpVNCepa+kAVohJs1sLhxzdH+gnEoOd8VhbYa7pD3zZYGiURWM2xzEII3fQcRizDkYQ==

typescript@^3.5.3:
  version "3.5.3"
  resolved "https://registry.yarnpkg.com/typescript/-/typescript-3.5.3.tgz#c830f657f93f1ea846819e929092f5fe5983e977"
  integrity sha512-ACzBtm/PhXBDId6a6sDJfroT2pOWt/oOnk4/dElG5G33ZL776N3Y6/6bKZJBFpd+b05F3Ct9qDjMeJmRWtE2/g==

util.promisify@^1.0.0:
  version "1.0.0"
  resolved "https://registry.yarnpkg.com/util.promisify/-/util.promisify-1.0.0.tgz#440f7165a459c9a16dc145eb8e72f35687097030"
  integrity sha512-i+6qA2MPhvoKLuxnJNpXAGhg7HphQOSUq2LKMZD0m15EiskXUkMvKdF4Uui0WYeCUGea+o2cw/ZuwehtfsrNkA==
  dependencies:
    define-properties "^1.1.2"
    object.getownpropertydescriptors "^2.0.3"

uuid@^3.2.1:
  version "3.3.2"
  resolved "https://registry.yarnpkg.com/uuid/-/uuid-3.3.2.tgz#1b4af4955eb3077c501c23872fc6513811587131"
  integrity sha512-yXJmeNaw3DnnKAOKJE51sL/ZaYfWJRl1pK9dr19YFCu0ObS231AB1/LbqTKRAQ5kw8A90rA6fr4riOUpTZvQZA==

yn@^3.0.0:
  version "3.1.0"
  resolved "https://registry.yarnpkg.com/yn/-/yn-3.1.0.tgz#fcbe2db63610361afcc5eb9e0ac91e976d046114"
  integrity sha512-kKfnnYkbTfrAdd0xICNFw7Atm8nKpLcLv9AZGEt+kczL/WQVai4e2V6ZN8U/O+iI6WrNuJjNNOyu4zfhl9D3Hg==
